Microsoft Visual Studio Solution File, Format Version 12.00
# Visual Studio Version 17
VisualStudioVersion = 17.5.2.0
MinimumVisualStudioVersion = 10.0.40219.1
Project("{FAE04EC0-301F-11D3-BF4B-00C04F79EFBC}") = "05-Animation", "05-Animation.csproj", "{FC717C2C-F5ED-65BD-485D-52203284973C}"
EndProject
Global
	GlobalSection(SolutionConfigurationPlatforms) = preSolution
		Debug|Any CPU = Debug|Any CPU
		Release|Any CPU = Release|Any CPU
	EndGlobalSection
	GlobalSection(ProjectConfigurationPlatforms) = postSolution
		{FC717C2C-F5ED-65BD-485D-52203284973C}.Debug|Any CPU.ActiveCfg = Debug|Any CPU
		{FC717C2C-F5ED-65BD-485D-52203284973C}.Debug|Any CPU.Build.0 = Debug|Any CPU
		{FC717C2C-F5ED-65BD-485D-52203284973C}.Release|Any CPU.ActiveCfg = Release|Any CPU
		{FC717C2C-F5ED-65BD-485D-52203284973C}.Release|Any CPU.Build.0 = Release|Any CPU
	EndGlobalSection
	GlobalSection(SolutionProperties) = preSolution
		HideSolutionNode = FALSE
	EndGlobalSection
	GlobalSection(ExtensibilityGlobals) = postSolution
		SolutionGuid = {1959B713-9641-4D74-A6F1-6D59963D3D8A}
	EndGlobalSection
EndGlobal
